
Microsoft Visual Studio Solution File, Format Version 12.00
# Visual Studio Version 17
VisualStudioVersion = 17.4.33122.133
MinimumVisualStudioVersion = 10.0.40219.1
Project("{FAE04EC0-301F-11D3-BF4B-00C04F79EFBC}") = "eTickets.Web", "eTickets.Web\eTickets.Web.csproj", "{B586F685-747B-480E-AB6F-54AC422CB44A}"
EndProject
Global
	GlobalSection(SolutionConfigurationPlatforms) = preSolution
		Debug|Any CPU = Debug|Any CPU
		Release|Any CPU = Release|Any CPU
	EndGlobalSection
	GlobalSection(ProjectConfigurationPlatforms) = postSolution
		{B586F685-747B-480E-AB6F-54AC422CB44A}.Debug|Any CPU.ActiveCfg = Debug|Any CPU
		{B586F685-747B-480E-AB6F-54AC422CB44A}.Debug|Any CPU.Build.0 = Debug|Any CPU
		{B586F685-747B-480E-AB6F-54AC422CB44A}.Release|Any CPU.ActiveCfg = Release|Any CPU
		{B586F685-747B-480E-AB6F-54AC422CB44A}.Release|Any CPU.Build.0 = Release|Any CPU
	EndGlobalSection
	GlobalSection(SolutionProperties) = preSolution
		HideSolutionNode = FALSE
	EndGlobalSection
	GlobalSection(ExtensibilityGlobals) = postSolution
		SolutionGuid = {596B0A25-381C-4171-B03C-F8EF44035D7F}
	EndGlobalSection
EndGlobal
